
Microsoft Visual Studio Solution File, Format Version 12.00
Project("{FAE04EC0-301F-11D3-BF4B-00C04F79EFBC}") = "BadBookStore.Web", "BadBookStore.Web\BadBookStore.Web.csproj", "{2B3F6CC2-C37B-4F78-97F5-2BD2CE68D5DD}"
EndProject
Global
	GlobalSection(SolutionConfigurationPlatforms) = preSolution
		Debug|Any CPU = Debug|Any CPU
		Release|Any CPU = Release|Any CPU
	EndGlobalSection
	GlobalSection(ProjectConfigurationPlatforms) = postSolution
		{2B3F6CC2-C37B-4F78-97F5-2BD2CE68D5DD}.Debug|Any CPU.ActiveCfg = Debug|Any CPU
		{2B3F6CC2-C37B-4F78-97F5-2BD2CE68D5DD}.Debug|Any CPU.Build.0 = Debug|Any CPU
		{2B3F6CC2-C37B-4F78-97F5-2BD2CE68D5DD}.Release|Any CPU.ActiveCfg = Release|Any CPU
		{2B3F6CC2-C37B-4F78-97F5-2BD2CE68D5DD}.Release|Any CPU.Build.0 = Release|Any CPU
	EndGlobalSection
EndGlobal
